
Microsoft Visual Studio Solution File, Format Version 12.00
# Visual Studio Version 16
VisualStudioVersion = 16.0.29009.5
MinimumVisualStudioVersion = 10.0.40219.1
Project("{8BC9CEB8-8B4A-11D0-8D11-00A0C91BC942}") = "Compiler", "SubProjects\Compiler\Compiler.vcxproj", "{4246F7EA-C0C9-45C6-B079-87B29D16A772}"
EndProject
Project("{8BC9CEB8-8B4A-11D0-8D11-00A0C91BC942}") = "Decompiler", "SubProjects\Decompiler\Decompiler.vcxproj", "{7BC9919C-DF29-4D43-B958-8B8E525F2F44}"
EndProject
Project("{8BC9CEB8-8B4A-11D0-8D11-00A0C91BC942}") = "Scriptor", "SubProjects\Scriptor\Scriptor.vcxproj", "{5F691B2A-2541-4BFB-B908-FE37200B1034}"
EndProject
Project("{8BC9CEB8-8B4A-11D0-8D11-00A0C91BC942}") = "TA Unit Wizard", "SubProjects\TA Unit Wizard\TA Unit Wizard.vcxproj", "{CDE7DB99-5206-4960-936D-586B325C5259}"
EndProject
Global
	GlobalSection(SolutionConfigurationPlatforms) = preSolution
		Debug|x86 = Debug|x86
		Release|x86 = Release|x86
		Template|x86 = Template|x86
	EndGlobalSection
	GlobalSection(ProjectConfigurationPlatforms) = postSolution
		{4246F7EA-C0C9-45C6-B079-87B29D16A772}.Debug|x86.ActiveCfg = Debug|Win32
		{4246F7EA-C0C9-45C6-B079-87B29D16A772}.Debug|x86.Build.0 = Debug|Win32
		{4246F7EA-C0C9-45C6-B079-87B29D16A772}.Release|x86.ActiveCfg = Release|Win32
		{4246F7EA-C0C9-45C6-B079-87B29D16A772}.Release|x86.Build.0 = Release|Win32
		{4246F7EA-C0C9-45C6-B079-87B29D16A772}.Template|x86.ActiveCfg = Release|Win32
		{4246F7EA-C0C9-45C6-B079-87B29D16A772}.Template|x86.Build.0 = Release|Win32
		{7BC9919C-DF29-4D43-B958-8B8E525F2F44}.Debug|x86.ActiveCfg = Debug|Win32
		{7BC9919C-DF29-4D43-B958-8B8E525F2F44}.Debug|x86.Build.0 = Debug|Win32
		{7BC9919C-DF29-4D43-B958-8B8E525F2F44}.Release|x86.ActiveCfg = Release|Win32
		{7BC9919C-DF29-4D43-B958-8B8E525F2F44}.Release|x86.Build.0 = Release|Win32
		{7BC9919C-DF29-4D43-B958-8B8E525F2F44}.Template|x86.ActiveCfg = Template|Win32
		{7BC9919C-DF29-4D43-B958-8B8E525F2F44}.Template|x86.Build.0 = Template|Win32
		{5F691B2A-2541-4BFB-B908-FE37200B1034}.Debug|x86.ActiveCfg = Debug|Win32
		{5F691B2A-2541-4BFB-B908-FE37200B1034}.Debug|x86.Build.0 = Debug|Win32
		{5F691B2A-2541-4BFB-B908-FE37200B1034}.Release|x86.ActiveCfg = Release|Win32
		{5F691B2A-2541-4BFB-B908-FE37200B1034}.Release|x86.Build.0 = Release|Win32
		{5F691B2A-2541-4BFB-B908-FE37200B1034}.Template|x86.ActiveCfg = Template|Win32
		{5F691B2A-2541-4BFB-B908-FE37200B1034}.Template|x86.Build.0 = Template|Win32
		{CDE7DB99-5206-4960-936D-586B325C5259}.Debug|x86.ActiveCfg = Debug|Win32
		{CDE7DB99-5206-4960-936D-586B325C5259}.Debug|x86.Build.0 = Debug|Win32
		{CDE7DB99-5206-4960-936D-586B325C5259}.Release|x86.ActiveCfg = Release|Win32
		{CDE7DB99-5206-4960-936D-586B325C5259}.Release|x86.Build.0 = Release|Win32
		{CDE7DB99-5206-4960-936D-586B325C5259}.Template|x86.ActiveCfg = Template|Win32
		{CDE7DB99-5206-4960-936D-586B325C5259}.Template|x86.Build.0 = Template|Win32
	EndGlobalSection
	GlobalSection(SolutionProperties) = preSolution
		HideSolutionNode = FALSE
	EndGlobalSection
	GlobalSection(ExtensibilityGlobals) = postSolution
		SolutionGuid = {925AF355-4F86-495E-9A05-593EC67241FA}
	EndGlobalSection
EndGlobal
