<?xml version="1.0" encoding="utf-8"?>
<Project ToolsVersion="4.0" xmlns="http://schemas.microsoft.com/developer/msbuild/2003">
  <ItemGroup>
    <Filter Include="Source Files">
      <UniqueIdentifier>{12904269-2694-4dd2-860c-4f6de4255317}</UniqueIdentifier>
      <Extensions>cpp;c;cxx;rc;def;r;odl;idl;hpj;bat</Extensions>
    </Filter>
    <Filter Include="Header Files">
      <UniqueIdentifier>{b8305978-0a8b-4a99-aaaa-dc3b1df2d383}</UniqueIdentifier>
      <Extensions>h;hpp;hxx;hm;inl</Extensions>
    </Filter>
    <Filter Include="Resource Files">
      <UniqueIdentifier>{92add866-b451-415c-a918-8fcba89ff7e7}</UniqueIdentifier>
      <Extensions>ico;cur;bmp;dlg;rc2;rct;bin;cnt;rtf;gif;jpg;jpeg;jpe</Extensions>
    </Filter>
  </ItemGroup>
  <ItemGroup>
    <ClCompile Include="BosCmdParse.cpp">
      <Filter>Source Files</Filter>
    </ClCompile>
    <ClCompile Include="BosSrcParse.cpp">
      <Filter>Source Files</Filter>
    </ClCompile>
    <ClCompile Include="CobScriptCode.cpp">
      <Filter>Source Files</Filter>
    </ClCompile>
    <ClCompile Include="Compiler.cpp">
      <Filter>Source Files</Filter>
    </ClCompile>
    <ClCompile Include="Exports.cpp">
      <Filter>Source Files</Filter>
    </ClCompile>
    <ClCompile Include="INIStrParse.cpp">
      <Filter>Source Files</Filter>
    </ClCompile>
    <ClCompile Include="INITxtParse.cpp">
      <Filter>Source Files</Filter>
    </ClCompile>
    <ClCompile Include="StdAfx.cpp">
      <Filter>Source Files</Filter>
    </ClCompile>
    <ClCompile Include="StrParse.cpp">
      <Filter>Source Files</Filter>
    </ClCompile>
    <ClCompile Include="TxtParse.cpp">
      <Filter>Source Files</Filter>
    </ClCompile>
  </ItemGroup>
  <ItemGroup>
    <ResourceCompile Include="Compiler.rc">
      <Filter>Source Files</Filter>
    </ResourceCompile>
  </ItemGroup>
  <ItemGroup>
    <ClInclude Include="BosCmdParse.h">
      <Filter>Header Files</Filter>
    </ClInclude>
    <ClInclude Include="BosSrcParse.h">
      <Filter>Header Files</Filter>
    </ClInclude>
    <ClInclude Include="CobScriptCode.h">
      <Filter>Header Files</Filter>
    </ClInclude>
    <ClInclude Include="Compiler.h">
      <Filter>Header Files</Filter>
    </ClInclude>
    <ClInclude Include="Defs.h">
      <Filter>Header Files</Filter>
    </ClInclude>
    <ClInclude Include="Exports.h">
      <Filter>Header Files</Filter>
    </ClInclude>
    <ClInclude Include="INIStrParse.h">
      <Filter>Header Files</Filter>
    </ClInclude>
    <ClInclude Include="INITxtParse.h">
      <Filter>Header Files</Filter>
    </ClInclude>
    <ClInclude Include="Resource.h">
      <Filter>Header Files</Filter>
    </ClInclude>
    <ClInclude Include="StdAfx.h">
      <Filter>Header Files</Filter>
    </ClInclude>
    <ClInclude Include="StrParse.h">
      <Filter>Header Files</Filter>
    </ClInclude>
    <ClInclude Include="TxtParse.h">
      <Filter>Header Files</Filter>
    </ClInclude>
  </ItemGroup>
  <ItemGroup>
    <Text Include="ReadMe.txt" />
  </ItemGroup>
  <ItemGroup>
    <CustomBuild Include="Compiler.def">
      <Filter>Source Files</Filter>
    </CustomBuild>
    <CustomBuild Include="res\Compiler.rc2">
      <Filter>Resource Files</Filter>
    </CustomBuild>
  </ItemGroup>
</Project>